
Microsoft Visual Studio Solution File, Format Version 12.00
# Visual Studio Version 17
VisualStudioVersion = 17.1.31911.260
MinimumVisualStudioVersion = 10.0.40219.1
Project("{9A19103F-16F7-4668-BE54-9A1E7A4F7556}") = "API", "BackendShell\API.csproj", "{791C8DCD-9854-4919-AFB5-EA9762D374E8}"
EndProject
Project("{9A19103F-16F7-4668-BE54-9A1E7A4F7556}") = "Contracts", "Contracts\Contracts.csproj", "{7E5E74D7-8F70-47CA-A88A-7DE80D3A2CB3}"
EndProject
Project("{9A19103F-16F7-4668-BE54-9A1E7A4F7556}") = "LoggerService", "LoggerService\LoggerService.csproj", "{39281EEE-5E94-454C-8809-59CBBF51FA7E}"
EndProject
Project("{9A19103F-16F7-4668-BE54-9A1E7A4F7556}") = "Entities", "Entities\Entities.csproj", "{94E49D7C-C2C1-42E2-8D56-AF4CC3A505FA}"
EndProject
Project("{9A19103F-16F7-4668-BE54-9A1E7A4F7556}") = "Repository", "Repository\Repository.csproj", "{DED62889-DD6F-461F-B46C-A02567B150E8}"
EndProject
Project("{9A19103F-16F7-4668-BE54-9A1E7A4F7556}") = "Service", "Services\Service.csproj", "{D5E1B350-649F-427E-A08F-D6C69576ED1B}"
EndProject
Project("{9A19103F-16F7-4668-BE54-9A1E7A4F7556}") = "Services.Contracts", "Services.Contracts\Services.Contracts.csproj", "{E714518A-93A6-4E25-A3CF-5140E2FBBD6E}"
EndProject
Project("{9A19103F-16F7-4668-BE54-9A1E7A4F7556}") = "Presentation", "Presentation\Presentation.csproj", "{BDAA8D29-043F-4398-A20C-2AC8D863007D}"
EndProject
Project("{9A19103F-16F7-4668-BE54-9A1E7A4F7556}") = "Shared", "Shared\Shared.csproj", "{96BD05CD-DC87-4198-8D5A-8F5FBDD8B7C3}"
EndProject
Project("{FAE04EC0-301F-11D3-BF4B-00C04F79EFBC}") = "BackendShell.Tests", "BackendShell.Tests\BackendShell.Tests.csproj", "{90F0DF99-E6E8-4AC4-AD12-B7ECFDF3C8A2}"
EndProject
Global
	GlobalSection(SolutionConfigurationPlatforms) = preSolution
		Debug|Any CPU = Debug|Any CPU
		Release|Any CPU = Release|Any CPU
	EndGlobalSection
	GlobalSection(ProjectConfigurationPlatforms) = postSolution
		{791C8DCD-9854-4919-AFB5-EA9762D374E8}.Debug|Any CPU.ActiveCfg = Debug|Any CPU
		{791C8DCD-9854-4919-AFB5-EA9762D374E8}.Debug|Any CPU.Build.0 = Debug|Any CPU
		{791C8DCD-9854-4919-AFB5-EA9762D374E8}.Release|Any CPU.ActiveCfg = Release|Any CPU
		{791C8DCD-9854-4919-AFB5-EA9762D374E8}.Release|Any CPU.Build.0 = Release|Any CPU
		{7E5E74D7-8F70-47CA-A88A-7DE80D3A2CB3}.Debug|Any CPU.ActiveCfg = Debug|Any CPU
		{7E5E74D7-8F70-47CA-A88A-7DE80D3A2CB3}.Debug|Any CPU.Build.0 = Debug|Any CPU
		{7E5E74D7-8F70-47CA-A88A-7DE80D3A2CB3}.Release|Any CPU.ActiveCfg = Release|Any CPU
		{7E5E74D7-8F70-47CA-A88A-7DE80D3A2CB3}.Release|Any CPU.Build.0 = Release|Any CPU
		{39281EEE-5E94-454C-8809-59CBBF51FA7E}.Debug|Any CPU.ActiveCfg = Debug|Any CPU
		{39281EEE-5E94-454C-8809-59CBBF51FA7E}.Debug|Any CPU.Build.0 = Debug|Any CPU
		{39281EEE-5E94-454C-8809-59CBBF51FA7E}.Release|Any CPU.ActiveCfg = Release|Any CPU
		{39281EEE-5E94-454C-8809-59CBBF51FA7E}.Release|Any CPU.Build.0 = Release|Any CPU
		{94E49D7C-C2C1-42E2-8D56-AF4CC3A505FA}.Debug|Any CPU.ActiveCfg = Debug|Any CPU
		{94E49D7C-C2C1-42E2-8D56-AF4CC3A505FA}.Debug|Any CPU.Build.0 = Debug|Any CPU
		{94E49D7C-C2C1-42E2-8D56-AF4CC3A505FA}.Release|Any CPU.ActiveCfg = Release|Any CPU
		{94E49D7C-C2C1-42E2-8D56-AF4CC3A505FA}.Release|Any CPU.Build.0 = Release|Any CPU
		{DED62889-DD6F-461F-B46C-A02567B150E8}.Debug|Any CPU.ActiveCfg = Debug|Any CPU
		{DED62889-DD6F-461F-B46C-A02567B150E8}.Debug|Any CPU.Build.0 = Debug|Any CPU
		{DED62889-DD6F-461F-B46C-A02567B150E8}.Release|Any CPU.ActiveCfg = Release|Any CPU
		{DED62889-DD6F-461F-B46C-A02567B150E8}.Release|Any CPU.Build.0 = Release|Any CPU
		{D5E1B350-649F-427E-A08F-D6C69576ED1B}.Debug|Any CPU.ActiveCfg = Debug|Any CPU
		{D5E1B350-649F-427E-A08F-D6C69576ED1B}.Debug|Any CPU.Build.0 = Debug|Any CPU
		{D5E1B350-649F-427E-A08F-D6C69576ED1B}.Release|Any CPU.ActiveCfg = Release|Any CPU
		{D5E1B350-649F-427E-A08F-D6C69576ED1B}.Release|Any CPU.Build.0 = Release|Any CPU
		{E714518A-93A6-4E25-A3CF-5140E2FBBD6E}.Debug|Any CPU.ActiveCfg = Debug|Any CPU
		{E714518A-93A6-4E25-A3CF-5140E2FBBD6E}.Debug|Any CPU.Build.0 = Debug|Any CPU
		{E714518A-93A6-4E25-A3CF-5140E2FBBD6E}.Release|Any CPU.ActiveCfg = Release|Any CPU
		{E714518A-93A6-4E25-A3CF-5140E2FBBD6E}.Release|Any CPU.Build.0 = Release|Any CPU
		{BDAA8D29-043F-4398-A20C-2AC8D863007D}.Debug|Any CPU.ActiveCfg = Debug|Any CPU
		{BDAA8D29-043F-4398-A20C-2AC8D863007D}.Debug|Any CPU.Build.0 = Debug|Any CPU
		{BDAA8D29-043F-4398-A20C-2AC8D863007D}.Release|Any CPU.ActiveCfg = Release|Any CPU
		{BDAA8D29-043F-4398-A20C-2AC8D863007D}.Release|Any CPU.Build.0 = Release|Any CPU
		{96BD05CD-DC87-4198-8D5A-8F5FBDD8B7C3}.Debug|Any CPU.ActiveCfg = Debug|Any CPU
		{96BD05CD-DC87-4198-8D5A-8F5FBDD8B7C3}.Debug|Any CPU.Build.0 = Debug|Any CPU
		{96BD05CD-DC87-4198-8D5A-8F5FBDD8B7C3}.Release|Any CPU.ActiveCfg = Release|Any CPU
		{96BD05CD-DC87-4198-8D5A-8F5FBDD8B7C3}.Release|Any CPU.Build.0 = Release|Any CPU
		{90F0DF99-E6E8-4AC4-AD12-B7ECFDF3C8A2}.Debug|Any CPU.ActiveCfg = Debug|Any CPU
		{90F0DF99-E6E8-4AC4-AD12-B7ECFDF3C8A2}.Debug|Any CPU.Build.0 = Debug|Any CPU
		{90F0DF99-E6E8-4AC4-AD12-B7ECFDF3C8A2}.Release|Any CPU.ActiveCfg = Release|Any CPU
		{90F0DF99-E6E8-4AC4-AD12-B7ECFDF3C8A2}.Release|Any CPU.Build.0 = Release|Any CPU
	EndGlobalSection
	GlobalSection(SolutionProperties) = preSolution
		HideSolutionNode = FALSE
	EndGlobalSection
	GlobalSection(ExtensibilityGlobals) = postSolution
		SolutionGuid = {71C0C193-7238-40F9-8B3D-ECD07F2D6C02}
	EndGlobalSection
EndGlobal
